
Microsoft Visual Studio Solution File, Format Version 12.00
# Visual Studio Version 16
VisualStudioVersion = 16.0.31829.152
MinimumVisualStudioVersion = 10.0.40219.1
Project("{FAE04EC0-301F-11D3-BF4B-00C04F79EFBC}") = "assignmentday2_4", "assignmentday2_4.csproj", "{E9D73C3C-D9DB-4AD6-942B-305508503216}"
EndProject
Global
	GlobalSection(SolutionConfigurationPlatforms) = preSolution
		Debug|Any CPU = Debug|Any CPU
		Release|Any CPU = Release|Any CPU
	EndGlobalSection
	GlobalSection(ProjectConfigurationPlatforms) = postSolution
		{E9D73C3C-D9DB-4AD6-942B-305508503216}.Debug|Any CPU.ActiveCfg = Debug|Any CPU
		{E9D73C3C-D9DB-4AD6-942B-305508503216}.Debug|Any CPU.Build.0 = Debug|Any CPU
		{E9D73C3C-D9DB-4AD6-942B-305508503216}.Release|Any CPU.ActiveCfg = Release|Any CPU
		{E9D73C3C-D9DB-4AD6-942B-305508503216}.Release|Any CPU.Build.0 = Release|Any CPU
	EndGlobalSection
	GlobalSection(SolutionProperties) = preSolution
		HideSolutionNode = FALSE
	EndGlobalSection
	GlobalSection(ExtensibilityGlobals) = postSolution
		SolutionGuid = {F9254EA5-0942-46AB-BFDA-DA47C64FD190}
	EndGlobalSection
EndGlobal
