
Microsoft Visual Studio Solution File, Format Version 12.00
# Visual Studio Version 16
VisualStudioVersion = 16.0.31829.152
MinimumVisualStudioVersion = 10.0.40219.1
Project("{FAE04EC0-301F-11D3-BF4B-00C04F79EFBC}") = "assignmentday2_1", "assignmentday2_1.csproj", "{4241C2E8-79CD-4227-9D82-F0D415DAA646}"
EndProject
Global
	GlobalSection(SolutionConfigurationPlatforms) = preSolution
		Debug|Any CPU = Debug|Any CPU
		Release|Any CPU = Release|Any CPU
	EndGlobalSection
	GlobalSection(ProjectConfigurationPlatforms) = postSolution
		{4241C2E8-79CD-4227-9D82-F0D415DAA646}.Debug|Any CPU.ActiveCfg = Debug|Any CPU
		{4241C2E8-79CD-4227-9D82-F0D415DAA646}.Debug|Any CPU.Build.0 = Debug|Any CPU
		{4241C2E8-79CD-4227-9D82-F0D415DAA646}.Release|Any CPU.ActiveCfg = Release|Any CPU
		{4241C2E8-79CD-4227-9D82-F0D415DAA646}.Release|Any CPU.Build.0 = Release|Any CPU
	EndGlobalSection
	GlobalSection(SolutionProperties) = preSolution
		HideSolutionNode = FALSE
	EndGlobalSection
	GlobalSection(ExtensibilityGlobals) = postSolution
		SolutionGuid = {9F170E2C-F5F2-45A0-8C8B-DB852AC0CBE5}
	EndGlobalSection
EndGlobal
