
Microsoft Visual Studio Solution File, Format Version 12.00
# Visual Studio Version 16
VisualStudioVersion = 16.0.31829.152
MinimumVisualStudioVersion = 10.0.40219.1
Project("{FAE04EC0-301F-11D3-BF4B-00C04F79EFBC}") = "assignmentday5_4", "assignmentday5_4.csproj", "{62DB7A5E-70FA-47AA-BCBF-020B11029889}"
EndProject
Global
	GlobalSection(SolutionConfigurationPlatforms) = preSolution
		Debug|Any CPU = Debug|Any CPU
		Release|Any CPU = Release|Any CPU
	EndGlobalSection
	GlobalSection(ProjectConfigurationPlatforms) = postSolution
		{62DB7A5E-70FA-47AA-BCBF-020B11029889}.Debug|Any CPU.ActiveCfg = Debug|Any CPU
		{62DB7A5E-70FA-47AA-BCBF-020B11029889}.Debug|Any CPU.Build.0 = Debug|Any CPU
		{62DB7A5E-70FA-47AA-BCBF-020B11029889}.Release|Any CPU.ActiveCfg = Release|Any CPU
		{62DB7A5E-70FA-47AA-BCBF-020B11029889}.Release|Any CPU.Build.0 = Release|Any CPU
	EndGlobalSection
	GlobalSection(SolutionProperties) = preSolution
		HideSolutionNode = FALSE
	EndGlobalSection
	GlobalSection(ExtensibilityGlobals) = postSolution
		SolutionGuid = {BC811CFE-7D16-416E-ADBA-3772253C39EE}
	EndGlobalSection
EndGlobal
